PODS:
  - Alamofire (4.8.2)
  - AlamofireImage (3.5.2):
    - Alamofire (~> 4.8)
  - AlamofireObjectMapper (5.2.0):
    - Alamofire (~> 4.7)
    - ObjectMapper (~> 3.4)
  - NVActivityIndicatorView (4.7.0):
    - NVActivityIndicatorView/Presenter (= 4.7.0)
  - NVActivityIndicatorView/Presenter (4.7.0)
  - ObjectMapper (3.5.1)
  - SideMenuSwift (2.0.1)

DEPENDENCIES:
  - Alamofire (~> 4.5)
  - AlamofireImage (~> 3.5)
  - AlamofireObjectMapper (~> 5.2)
  - NVActivityIndicatorView
  - SideMenuSwift

SPEC REPOS:
  https://github.com/cocoapods/specs.git:
    - Alamofire
    - AlamofireImage
    - AlamofireObjectMapper
    - NVActivityIndicatorView
    - ObjectMapper
    - SideMenuSwift

SPEC CHECKSUMS:
  Alamofire: ae5c501addb7afdbb13687d7f2f722c78734c2d3
  AlamofireImage: 63cfe3baf1370be6c498149687cf6db3e3b00999
  AlamofireObjectMapper: 92b6ce2423a9d159e686f6a1d514a009bf903ddc
  NVActivityIndicatorView: b19ddab2576f805cbe0fb2306cba3476e09a1dea
  ObjectMapper: 70187b8941977c62ccfb423caf6b50be405cabf0
  SideMenuSwift: 588374781f2508f551a41796482290aeff1afd78

PODFILE CHECKSUM: 524167384a11117409c9ecda9c2e1067b709a82d

COCOAPODS: 1.7.3
